
Microsoft Visual Studio Solution File, Format Version 12.00
# Visual Studio Version 17
VisualStudioVersion = 17.10.35013.160
MinimumVisualStudioVersion = 10.0.40219.1
Project("{FAE04EC0-301F-11D3-BF4B-00C04F79EFBC}") = "Collection", "Collection\Collection.csproj", "{6FB7D96F-6D9B-438F-8F61-F01DC19F7C36}"
EndProject
Project("{FAE04EC0-301F-11D3-BF4B-00C04F79EFBC}") = "Complexe", "Complexe\Complexe.csproj", "{B90D7757-5792-47BC-95C7-5DE3D3C90081}"
EndProject
Project("{FAE04EC0-301F-11D3-BF4B-00C04F79EFBC}") = "Matrice", "Matrice\Matrice.csproj", "{37B339DF-1858-40B8-881B-55E109AED270}"
EndProject
Global
	GlobalSection(SolutionConfigurationPlatforms) = preSolution
		Debug|Any CPU = Debug|Any CPU
		Release|Any CPU = Release|Any CPU
	EndGlobalSection
	GlobalSection(ProjectConfigurationPlatforms) = postSolution
		{6FB7D96F-6D9B-438F-8F61-F01DC19F7C36}.Debug|Any CPU.ActiveCfg = Debug|Any CPU
		{6FB7D96F-6D9B-438F-8F61-F01DC19F7C36}.Debug|Any CPU.Build.0 = Debug|Any CPU
		{6FB7D96F-6D9B-438F-8F61-F01DC19F7C36}.Release|Any CPU.ActiveCfg = Release|Any CPU
		{6FB7D96F-6D9B-438F-8F61-F01DC19F7C36}.Release|Any CPU.Build.0 = Release|Any CPU
		{B90D7757-5792-47BC-95C7-5DE3D3C90081}.Debug|Any CPU.ActiveCfg = Debug|Any CPU
		{B90D7757-5792-47BC-95C7-5DE3D3C90081}.Debug|Any CPU.Build.0 = Debug|Any CPU
		{B90D7757-5792-47BC-95C7-5DE3D3C90081}.Release|Any CPU.ActiveCfg = Release|Any CPU
		{B90D7757-5792-47BC-95C7-5DE3D3C90081}.Release|Any CPU.Build.0 = Release|Any CPU
		{37B339DF-1858-40B8-881B-55E109AED270}.Debug|Any CPU.ActiveCfg = Debug|Any CPU
		{37B339DF-1858-40B8-881B-55E109AED270}.Debug|Any CPU.Build.0 = Debug|Any CPU
		{37B339DF-1858-40B8-881B-55E109AED270}.Release|Any CPU.ActiveCfg = Release|Any CPU
		{37B339DF-1858-40B8-881B-55E109AED270}.Release|Any CPU.Build.0 = Release|Any CPU
	EndGlobalSection
	GlobalSection(SolutionProperties) = preSolution
		HideSolutionNode = FALSE
	EndGlobalSection
	GlobalSection(ExtensibilityGlobals) = postSolution
		SolutionGuid = {8AC3C4FB-5C77-4B93-8FB0-F05485CE95DF}
	EndGlobalSection
EndGlobal
